# @generated - this file is auto-generated by `mise lock` https://mise.en.dev/dev-tools/mise-lock.html

[[tools.buf]]
version = "1.69.0"
backend = "aqua:bufbuild/buf"

[tools.buf."platforms.linux-arm64"]
checksum = "sha256:28b258cb4ee7a1224a61e1dd91ae5935f1c86c23e8e67bcfa23c8b096b0ad478"
url = "https://github.com/bufbuild/buf/releases/download/v1.69.0/buf-Linux-aarch64.tar.gz"

[tools.buf."platforms.linux-arm64-musl"]
checksum = "sha256:28b258cb4ee7a1224a61e1dd91ae5935f1c86c23e8e67bcfa23c8b096b0ad478"
url = "https://github.com/bufbuild/buf/releases/download/v1.69.0/buf-Linux-aarch64.tar.gz"

[tools.buf."platforms.linux-x64"]
checksum = "sha256:2b1f9cfb5e17d50c10dea9202979ffd28ca7ff7a6f4e51e801a9463986690b03"
url = "https://github.com/bufbuild/buf/releases/download/v1.69.0/buf-Linux-x86_64.tar.gz"

[tools.buf."platforms.linux-x64-musl"]
checksum = "sha256:2b1f9cfb5e17d50c10dea9202979ffd28ca7ff7a6f4e51e801a9463986690b03"
url = "https://github.com/bufbuild/buf/releases/download/v1.69.0/buf-Linux-x86_64.tar.gz"

[tools.buf."platforms.macos-arm64"]
checksum = "sha256:246534674239f326dd1ad2642e57865dd56dc4e98c4857d13da6eca4d3a168ad"
url = "https://github.com/bufbuild/buf/releases/download/v1.69.0/buf-Darwin-arm64.tar.gz"

[tools.buf."platforms.macos-x64"]
checksum = "sha256:570458723a1e400d654e916cc54a98e78a9c23d72775afde9ef12abcdebd37a1"
url = "https://github.com/bufbuild/buf/releases/download/v1.69.0/buf-Darwin-x86_64.tar.gz"

[tools.buf."platforms.windows-x64"]
checksum = "sha256:55ad1b4662003406050d76bc812e5954dd3d3d23a9b62ab6bdbed1670a6292c4"
url = "https://github.com/bufbuild/buf/releases/download/v1.69.0/buf-Windows-x86_64.zip"

[[tools.dotnet]]
version = "10.0.203"
backend = "core:dotnet"

[[tools."dotnet:aspire.cli"]]
version = "13.3.0"
backend = "dotnet:aspire.cli"

[[tools.fnox]]
version = "1.23.0"
backend = "github:jdx/fnox"

[tools.fnox."platforms.linux-arm64"]
checksum = "sha256:5875b1d5e915a7cfb40b052e3c330912c7cd74021b6a1a8e9ca2b6692834595f"
url = "https://github.com/jdx/fnox/releases/download/v1.23.0/fnox-aarch64-unknown-linux-gnu.tar.gz"
url_api = "https://api.github.com/repos/jdx/fnox/releases/assets/406084769"

[tools.fnox."platforms.linux-arm64-musl"]
checksum = "sha256:5875b1d5e915a7cfb40b052e3c330912c7cd74021b6a1a8e9ca2b6692834595f"
url = "https://github.com/jdx/fnox/releases/download/v1.23.0/fnox-aarch64-unknown-linux-gnu.tar.gz"
url_api = "https://api.github.com/repos/jdx/fnox/releases/assets/406084769"

[tools.fnox."platforms.linux-x64"]
checksum = "sha256:4b716fac7f03b0d652ab77cec489394728ac32246f17acb667a9f93b6d137c25"
url = "https://github.com/jdx/fnox/releases/download/v1.23.0/fnox-x86_64-unknown-linux-gnu.tar.gz"
url_api = "https://api.github.com/repos/jdx/fnox/releases/assets/406084780"

[tools.fnox."platforms.linux-x64-musl"]
checksum = "sha256:4b716fac7f03b0d652ab77cec489394728ac32246f17acb667a9f93b6d137c25"
url = "https://github.com/jdx/fnox/releases/download/v1.23.0/fnox-x86_64-unknown-linux-gnu.tar.gz"
url_api = "https://api.github.com/repos/jdx/fnox/releases/assets/406084780"

[tools.fnox."platforms.macos-arm64"]
checksum = "sha256:98cc2767dac9be1eb61e659ca888e951d4bc9862980c3ddc9838ac049f26ff1f"
url = "https://github.com/jdx/fnox/releases/download/v1.23.0/fnox-aarch64-apple-darwin.tar.gz"
url_api = "https://api.github.com/repos/jdx/fnox/releases/assets/406084771"

[tools.fnox."platforms.macos-x64"]
checksum = "sha256:fc838d0ed2145853b711c838b5ab76e709ab5092c8c3b98dbd2ffdc02be8687d"
url = "https://github.com/jdx/fnox/releases/download/v1.23.0/fnox-x86_64-apple-darwin.tar.gz"
url_api = "https://api.github.com/repos/jdx/fnox/releases/assets/406084770"

[tools.fnox."platforms.windows-x64"]
checksum = "sha256:d862245fac003ca121ebc81e5a7ae3a9d4b9f5f1d4d4d2728438185bb8e429db"
url = "https://github.com/jdx/fnox/releases/download/v1.23.0/fnox-x86_64-pc-windows-msvc.zip"
url_api = "https://api.github.com/repos/jdx/fnox/releases/assets/406084772"

[[tools."github:jdx/fnox"]]
version = "1.20.0"
backend = "github:jdx/fnox"

[tools."github:jdx/fnox"."platforms.linux-arm64"]
checksum = "sha256:44b731e79c349c2b6ff0d76c9791b81cef5d0ab3a7cddb1512903654075a4047"
url = "https://github.com/jdx/fnox/releases/download/v1.20.0/fnox-aarch64-unknown-linux-gnu.tar.gz"
url_api = "https://api.github.com/repos/jdx/fnox/releases/assets/388763119"

[tools."github:jdx/fnox"."platforms.linux-arm64-musl"]
checksum = "sha256:44b731e79c349c2b6ff0d76c9791b81cef5d0ab3a7cddb1512903654075a4047"
url = "https://github.com/jdx/fnox/releases/download/v1.20.0/fnox-aarch64-unknown-linux-gnu.tar.gz"
url_api = "https://api.github.com/repos/jdx/fnox/releases/assets/388763119"

[tools."github:jdx/fnox"."platforms.linux-x64"]
checksum = "sha256:e5107da4ded29f88be6e52430849a361384e89499f678bac64ba40dc60bbc985"
url = "https://github.com/jdx/fnox/releases/download/v1.20.0/fnox-x86_64-unknown-linux-gnu.tar.gz"
url_api = "https://api.github.com/repos/jdx/fnox/releases/assets/388763132"

[tools."github:jdx/fnox"."platforms.linux-x64-musl"]
checksum = "sha256:e5107da4ded29f88be6e52430849a361384e89499f678bac64ba40dc60bbc985"
url = "https://github.com/jdx/fnox/releases/download/v1.20.0/fnox-x86_64-unknown-linux-gnu.tar.gz"
url_api = "https://api.github.com/repos/jdx/fnox/releases/assets/388763132"

[tools."github:jdx/fnox"."platforms.macos-arm64"]
checksum = "sha256:84895475983887137ad3cfd7c2018dad30a2024178497ed8aab2ac7ceae662ff"
url = "https://github.com/jdx/fnox/releases/download/v1.20.0/fnox-aarch64-apple-darwin.tar.gz"
url_api = "https://api.github.com/repos/jdx/fnox/releases/assets/388763122"

[tools."github:jdx/fnox"."platforms.macos-x64"]
checksum = "sha256:7096fbe5d9dc95cf8819d8b269f454e68a6b2d8ff875d14cfb2cc363be90591e"
url = "https://github.com/jdx/fnox/releases/download/v1.20.0/fnox-x86_64-apple-darwin.tar.gz"
url_api = "https://api.github.com/repos/jdx/fnox/releases/assets/388763120"

[tools."github:jdx/fnox"."platforms.windows-x64"]
checksum = "sha256:6037b03651c67af5b00992cc73d0a4283b746effe7b5079ee3f1327cd72bc97c"
url = "https://github.com/jdx/fnox/releases/download/v1.20.0/fnox-x86_64-pc-windows-msvc.zip"
url_api = "https://api.github.com/repos/jdx/fnox/releases/assets/388763121"

[[tools."github:mongodb/kingfisher"]]
version = "1.98.0"
backend = "github:mongodb/kingfisher"

[tools."github:mongodb/kingfisher"."platforms.linux-arm64"]
checksum = "sha256:6c2f5de92204855332a43a49a8b89ebb9cb50ecb8abc1657841faf413d79ace2"
url = "https://github.com/mongodb/kingfisher/releases/download/v1.98.0/kingfisher-linux-arm64.tgz"
url_api = "https://api.github.com/repos/mongodb/kingfisher/releases/assets/409403514"
provenance = "github-attestations"

[tools."github:mongodb/kingfisher"."platforms.linux-arm64-musl"]
checksum = "sha256:6c2f5de92204855332a43a49a8b89ebb9cb50ecb8abc1657841faf413d79ace2"
url = "https://github.com/mongodb/kingfisher/releases/download/v1.98.0/kingfisher-linux-arm64.tgz"
url_api = "https://api.github.com/repos/mongodb/kingfisher/releases/assets/409403514"
provenance = "github-attestations"

[tools."github:mongodb/kingfisher"."platforms.linux-x64"]
checksum = "sha256:d1e45d48266d71fe9a0e38fd0e3ce8c0dc22224f6ab51f712810c76c5ea27460"
url = "https://github.com/mongodb/kingfisher/releases/download/v1.98.0/kingfisher-linux-x64.tgz"
url_api = "https://api.github.com/repos/mongodb/kingfisher/releases/assets/409403486"
provenance = "github-attestations"

[tools."github:mongodb/kingfisher"."platforms.linux-x64-musl"]
checksum = "sha256:d1e45d48266d71fe9a0e38fd0e3ce8c0dc22224f6ab51f712810c76c5ea27460"
url = "https://github.com/mongodb/kingfisher/releases/download/v1.98.0/kingfisher-linux-x64.tgz"
url_api = "https://api.github.com/repos/mongodb/kingfisher/releases/assets/409403486"
provenance = "github-attestations"

[tools."github:mongodb/kingfisher"."platforms.macos-arm64"]
checksum = "sha256:b0cb7a6fcd69bfb8ee703f59048fef777cc56789ada73063dd7b6617ed3c4fd4"
url = "https://github.com/mongodb/kingfisher/releases/download/v1.98.0/kingfisher-darwin-arm64.tgz"
url_api = "https://api.github.com/repos/mongodb/kingfisher/releases/assets/409403542"
provenance = "github-attestations"

[tools."github:mongodb/kingfisher"."platforms.macos-x64"]
checksum = "sha256:387819a9eeaa745ffa4069a149f59925d11cbaa5a249a4cdbcf16a6ae9463861"
url = "https://github.com/mongodb/kingfisher/releases/download/v1.98.0/kingfisher-darwin-x64.tgz"
url_api = "https://api.github.com/repos/mongodb/kingfisher/releases/assets/409403531"
provenance = "github-attestations"

[tools."github:mongodb/kingfisher"."platforms.windows-x64"]
checksum = "sha256:0ff12a848e3dbe5504f078fb1a0d4647af1ffb6732082eb82346e5e761aa9ac5"
url = "https://github.com/mongodb/kingfisher/releases/download/v1.98.0/kingfisher-windows-x64.zip"
url_api = "https://api.github.com/repos/mongodb/kingfisher/releases/assets/409403450"
provenance = "github-attestations"

[[tools.node]]
version = "25.9.0"
backend = "core:node"

[tools.node."platforms.linux-arm64"]
checksum = "sha256:8fb4283301b8c720fc9f18bffff0f659e72cc14d0cf207a3bb411808aaa73a57"
url = "https://nodejs.org/dist/v25.9.0/node-v25.9.0-linux-arm64.tar.gz"

[tools.node."platforms.linux-arm64-musl"]
checksum = "sha256:97f6fe125faa51f84a7bb600d0cd7aefcfaaa0e75a5f49a7c61c3df91d12d535"
url = "https://unofficial-builds.nodejs.org/download/release/v25.9.0/node-v25.9.0-linux-arm64-musl.tar.gz"

[tools.node."platforms.linux-x64"]
checksum = "sha256:134e55b2408448a219760fe04dc44d6851f9de8a79549021ffd870e9082d9e7b"
url = "https://nodejs.org/dist/v25.9.0/node-v25.9.0-linux-x64.tar.gz"

[tools.node."platforms.linux-x64-musl"]
checksum = "sha256:1ac44af012be6bc17f1e3723edbf12897c0baeae5d1dc75b9f97d71413e4c8f5"
url = "https://unofficial-builds.nodejs.org/download/release/v25.9.0/node-v25.9.0-linux-x64-musl.tar.gz"

[tools.node."platforms.macos-arm64"]
checksum = "sha256:e479f3c469d3d9303a44f00a8ea37a3788395d171bb8059c48a4bbbd2e371b59"
url = "https://nodejs.org/dist/v25.9.0/node-v25.9.0-darwin-arm64.tar.gz"

[tools.node."platforms.macos-x64"]
checksum = "sha256:7d737b53ce191142bfa1c17cfa5b070d96e84eebf76b8dd06d84981cbdc3f7e3"
url = "https://nodejs.org/dist/v25.9.0/node-v25.9.0-darwin-x64.tar.gz"

[tools.node."platforms.windows-x64"]
checksum = "sha256:929552b8305effac843ba7b4270c437aefb702fc3fbd73fcd1bffd35d4ac284e"
url = "https://nodejs.org/dist/v25.9.0/node-v25.9.0-win-x64.zip"

[[tools.pinact]]
version = "3.9.2"
backend = "aqua:suzuki-shunsuke/pinact"

[tools.pinact."platforms.linux-arm64"]
checksum = "sha256:468bf7afd0f22b30ecb17fcf02f76d8b5c3bca59bb85a29017d7daebde96b33f"
url = "https://github.com/suzuki-shunsuke/pinact/releases/download/v3.9.2/pinact_linux_arm64.tar.gz"
provenance = "github-attestations"

[tools.pinact."platforms.linux-arm64-musl"]
checksum = "sha256:468bf7afd0f22b30ecb17fcf02f76d8b5c3bca59bb85a29017d7daebde96b33f"
url = "https://github.com/suzuki-shunsuke/pinact/releases/download/v3.9.2/pinact_linux_arm64.tar.gz"
provenance = "github-attestations"

[tools.pinact."platforms.linux-x64"]
checksum = "sha256:6adcc8a2217e4114e0841f8bca0cddf9958a9c52e3e89760c35b791cdba1a916"
url = "https://github.com/suzuki-shunsuke/pinact/releases/download/v3.9.2/pinact_linux_amd64.tar.gz"
provenance = "github-attestations"

[tools.pinact."platforms.linux-x64-musl"]
checksum = "sha256:6adcc8a2217e4114e0841f8bca0cddf9958a9c52e3e89760c35b791cdba1a916"
url = "https://github.com/suzuki-shunsuke/pinact/releases/download/v3.9.2/pinact_linux_amd64.tar.gz"
provenance = "github-attestations"

[tools.pinact."platforms.macos-arm64"]
checksum = "sha256:4a6b481b16b7bb67153f96aaf60cbe61d3a739bdce35b1cb3fd3de5372f58c31"
url = "https://github.com/suzuki-shunsuke/pinact/releases/download/v3.9.2/pinact_darwin_arm64.tar.gz"
provenance = "github-attestations"

[tools.pinact."platforms.macos-x64"]
checksum = "sha256:5facbcd8cd4e20fb88c4ef3ace9c54b7d295735563634ef4373694cd286be67a"
url = "https://github.com/suzuki-shunsuke/pinact/releases/download/v3.9.2/pinact_darwin_amd64.tar.gz"
provenance = "github-attestations"

[tools.pinact."platforms.windows-x64"]
checksum = "sha256:a7f82e352eb4f706addfb864a7c4853f34bdcfc604ebef8733adecbbbacaaeef"
url = "https://github.com/suzuki-shunsuke/pinact/releases/download/v3.9.2/pinact_windows_amd64.zip"
provenance = "github-attestations"

[[tools.pnpm]]
version = "11.0.2"
backend = "aqua:pnpm/pnpm"

[tools.pnpm."platforms.linux-arm64"]
checksum = "sha256:6bcc527193a6c1dc5c141d20a2b6c9b49aec30f68958c1373555e7fb3378bc19"
url = "https://github.com/pnpm/pnpm/releases/download/v11.0.2/pnpm-linux-arm64.tar.gz"

[tools.pnpm."platforms.linux-arm64-musl"]
checksum = "sha256:5f3654095219ea7c19252e8bb15eec72ece728f1916e297ff8ec8a2a244d4748"
url = "https://github.com/pnpm/pnpm/releases/download/v11.0.2/pnpm-linux-arm64-musl.tar.gz"

[tools.pnpm."platforms.linux-x64"]
checksum = "sha256:f4b5eb97c1040173bd654f62284e362be3009b57f572ace95689e99cb60ce42b"
url = "https://github.com/pnpm/pnpm/releases/download/v11.0.2/pnpm-linux-x64.tar.gz"

[tools.pnpm."platforms.linux-x64-musl"]
checksum = "sha256:c4b450470689075a19297205c449b59a4b822a1d8530b5bc3acadb021030e4b5"
url = "https://github.com/pnpm/pnpm/releases/download/v11.0.2/pnpm-linux-x64-musl.tar.gz"

[tools.pnpm."platforms.macos-arm64"]
checksum = "sha256:c817122761618c2c31ddec7c5d0f2e399a80a6b24252938d0f3e2b7de792319d"
url = "https://github.com/pnpm/pnpm/releases/download/v11.0.2/pnpm-darwin-arm64.tar.gz"

[tools.pnpm."platforms.macos-x64"]
checksum = "sha256:806a023e6cccc4ee2426fa24e77505dcf91a6be0a22a9adde48f7092b9f4bded"
url = "https://github.com/pnpm/pnpm/releases/download/v11.0.2/pnpm-darwin-x64.tar.gz"

[tools.pnpm."platforms.windows-x64"]
checksum = "sha256:a388e7abd426cdc89dda71be0d6340e11564aa6d75899335a4f3bc96572079c4"
url = "https://github.com/pnpm/pnpm/releases/download/v11.0.2/pnpm-win32-x64.zip"

[[tools.rtk]]
version = "0.38.0"
backend = "github:rtk-ai/rtk"

[tools.rtk."platforms.linux-arm64"]
checksum = "sha256:2e171f1d1c76086bb447e372d9332869d2cd3cc106c08c6e5fbd102b12e91ad9"
url = "https://github.com/rtk-ai/rtk/releases/download/v0.38.0/rtk-aarch64-unknown-linux-gnu.tar.gz"
url_api = "https://api.github.com/repos/rtk-ai/rtk/releases/assets/408424230"

[tools.rtk."platforms.linux-arm64-musl"]
checksum = "sha256:2e171f1d1c76086bb447e372d9332869d2cd3cc106c08c6e5fbd102b12e91ad9"
url = "https://github.com/rtk-ai/rtk/releases/download/v0.38.0/rtk-aarch64-unknown-linux-gnu.tar.gz"
url_api = "https://api.github.com/repos/rtk-ai/rtk/releases/assets/408424230"

[tools.rtk."platforms.linux-x64"]
checksum = "sha256:9bafb356450fb0f66a7f2d68d0468d1b1e270163f1620574e67a4c8f816d9610"
url = "https://github.com/rtk-ai/rtk/releases/download/v0.38.0/rtk-x86_64-unknown-linux-musl.tar.gz"
url_api = "https://api.github.com/repos/rtk-ai/rtk/releases/assets/408424229"

[tools.rtk."platforms.linux-x64-musl"]
checksum = "sha256:9bafb356450fb0f66a7f2d68d0468d1b1e270163f1620574e67a4c8f816d9610"
url = "https://github.com/rtk-ai/rtk/releases/download/v0.38.0/rtk-x86_64-unknown-linux-musl.tar.gz"
url_api = "https://api.github.com/repos/rtk-ai/rtk/releases/assets/408424229"

[tools.rtk."platforms.macos-arm64"]
checksum = "sha256:3896c8c43d02641ddaad88e91a9569233f35e4e938a3bf7882656dc73928f97a"
url = "https://github.com/rtk-ai/rtk/releases/download/v0.38.0/rtk-aarch64-apple-darwin.tar.gz"
url_api = "https://api.github.com/repos/rtk-ai/rtk/releases/assets/408424223"

[tools.rtk."platforms.macos-x64"]
checksum = "sha256:f05bf6258239898cf57467fb043799527ebe3d5258e93f290f84c8b7f410e359"
url = "https://github.com/rtk-ai/rtk/releases/download/v0.38.0/rtk-x86_64-apple-darwin.tar.gz"
url_api = "https://api.github.com/repos/rtk-ai/rtk/releases/assets/408424224"

[tools.rtk."platforms.windows-x64"]
checksum = "sha256:06f7a08d60b54bc79cfc579477f30553774dc33e0fe25785c3884a0e34c2e77a"
url = "https://github.com/rtk-ai/rtk/releases/download/v0.38.0/rtk-x86_64-pc-windows-msvc.zip"
url_api = "https://api.github.com/repos/rtk-ai/rtk/releases/assets/408424225"
