# @generated - this file is auto-generated by `mise lock` https://mise.jdx.dev/dev-tools/mise-lock.html

[[tools."dotnet:aspire.cli"]]
version = "13.2.2"
backend = "dotnet:aspire.cli"

[[tools."github:mongodb/kingfisher"]]
version = "1.95.0"
backend = "github:mongodb/kingfisher"

[tools."github:mongodb/kingfisher"."platforms.linux-arm64"]
checksum = "sha256:608ca065ff36959bdac6ed180b93e1a33f0848632ba0c14f56afd947c95da540"
url = "https://github.com/mongodb/kingfisher/releases/download/v1.95.0/kingfisher-linux-arm64.tgz"
url_api = "https://api.github.com/repos/mongodb/kingfisher/releases/assets/393113798"
provenance = "github-attestations"

[tools."github:mongodb/kingfisher"."platforms.linux-arm64-musl"]
checksum = "sha256:608ca065ff36959bdac6ed180b93e1a33f0848632ba0c14f56afd947c95da540"
url = "https://github.com/mongodb/kingfisher/releases/download/v1.95.0/kingfisher-linux-arm64.tgz"
url_api = "https://api.github.com/repos/mongodb/kingfisher/releases/assets/393113798"
provenance = "github-attestations"

[tools."github:mongodb/kingfisher"."platforms.linux-x64"]
checksum = "sha256:69046130ae047ec28d928f7b5b6aab2ed7917ad4ba4d684b0b3a6bd36b1e120e"
url = "https://github.com/mongodb/kingfisher/releases/download/v1.95.0/kingfisher-linux-x64.tgz"
url_api = "https://api.github.com/repos/mongodb/kingfisher/releases/assets/393113781"
provenance = "github-attestations"

[tools."github:mongodb/kingfisher"."platforms.linux-x64-musl"]
checksum = "sha256:69046130ae047ec28d928f7b5b6aab2ed7917ad4ba4d684b0b3a6bd36b1e120e"
url = "https://github.com/mongodb/kingfisher/releases/download/v1.95.0/kingfisher-linux-x64.tgz"
url_api = "https://api.github.com/repos/mongodb/kingfisher/releases/assets/393113781"
provenance = "github-attestations"

[tools."github:mongodb/kingfisher"."platforms.macos-arm64"]
checksum = "sha256:684e7e0fe99ac9b10e08d46432bab5168af90baf58f2780f5e7f7fedfbd7a822"
url = "https://github.com/mongodb/kingfisher/releases/download/v1.95.0/kingfisher-darwin-arm64.tgz"
url_api = "https://api.github.com/repos/mongodb/kingfisher/releases/assets/393113823"
provenance = "github-attestations"

[tools."github:mongodb/kingfisher"."platforms.macos-x64"]
checksum = "sha256:d24f2112e56dd9043f03e7af7f0d1abf1ba8f7deca8f583f3717f44a6472b8c3"
url = "https://github.com/mongodb/kingfisher/releases/download/v1.95.0/kingfisher-darwin-x64.tgz"
url_api = "https://api.github.com/repos/mongodb/kingfisher/releases/assets/393113814"
provenance = "github-attestations"

[tools."github:mongodb/kingfisher"."platforms.windows-x64"]
checksum = "sha256:b5a240f1406d41ba59ac92152f110983353ba7a4a61b8a470dccc0ee5dc24c09"
url = "https://github.com/mongodb/kingfisher/releases/download/v1.95.0/kingfisher-windows-x64.zip"
url_api = "https://api.github.com/repos/mongodb/kingfisher/releases/assets/393113761"
provenance = "github-attestations"

[[tools.pinact]]
version = "3.9.0"
backend = "aqua:suzuki-shunsuke/pinact"

[tools.pinact."platforms.linux-arm64"]
checksum = "sha256:34a957423002662c6289782b571660beda6a37449a76d763c8ad8b1b9a500a54"
url = "https://github.com/suzuki-shunsuke/pinact/releases/download/v3.9.0/pinact_linux_arm64.tar.gz"
provenance = "github-attestations"

[tools.pinact."platforms.linux-arm64-musl"]
checksum = "sha256:34a957423002662c6289782b571660beda6a37449a76d763c8ad8b1b9a500a54"
url = "https://github.com/suzuki-shunsuke/pinact/releases/download/v3.9.0/pinact_linux_arm64.tar.gz"
provenance = "github-attestations"

[tools.pinact."platforms.linux-x64"]
checksum = "sha256:3829da718de38b1e914b974c3e77045a256999af84789437a7305b09130d8a6a"
url = "https://github.com/suzuki-shunsuke/pinact/releases/download/v3.9.0/pinact_linux_amd64.tar.gz"
provenance = "github-attestations"

[tools.pinact."platforms.linux-x64-musl"]
checksum = "sha256:3829da718de38b1e914b974c3e77045a256999af84789437a7305b09130d8a6a"
url = "https://github.com/suzuki-shunsuke/pinact/releases/download/v3.9.0/pinact_linux_amd64.tar.gz"
provenance = "github-attestations"

[tools.pinact."platforms.macos-arm64"]
checksum = "sha256:23c8a4eda8fd7949c8cbb1cfe6f3d01279402fe6201e9cb0a90447a5ecfdef89"
url = "https://github.com/suzuki-shunsuke/pinact/releases/download/v3.9.0/pinact_darwin_arm64.tar.gz"
provenance = "github-attestations"

[tools.pinact."platforms.macos-x64"]
checksum = "sha256:70f68407a05fa88843fbf9b400d979e6205489ef8af251dacc21841a07989df4"
url = "https://github.com/suzuki-shunsuke/pinact/releases/download/v3.9.0/pinact_darwin_amd64.tar.gz"
provenance = "github-attestations"

[tools.pinact."platforms.windows-x64"]
checksum = "sha256:b923a567f88417d79ce183e59c2a2372d9cae9b697a472ce1f95d745932746b1"
url = "https://github.com/suzuki-shunsuke/pinact/releases/download/v3.9.0/pinact_windows_amd64.zip"
provenance = "github-attestations"

[[tools.rtk]]
version = "0.33.1"
backend = "github:rtk-ai/rtk"

[tools.rtk."platforms.linux-arm64"]
checksum = "sha256:b26ce319fa27596376fd29eab8340ff62ca1066f773904e7d4ce154be81bcdb7"
url = "https://github.com/rtk-ai/rtk/releases/download/v0.33.1/rtk-aarch64-unknown-linux-gnu.tar.gz"
url_api = "https://api.github.com/repos/rtk-ai/rtk/releases/assets/381214449"

[tools.rtk."platforms.linux-arm64-musl"]
checksum = "sha256:b26ce319fa27596376fd29eab8340ff62ca1066f773904e7d4ce154be81bcdb7"
url = "https://github.com/rtk-ai/rtk/releases/download/v0.33.1/rtk-aarch64-unknown-linux-gnu.tar.gz"
url_api = "https://api.github.com/repos/rtk-ai/rtk/releases/assets/381214449"

[tools.rtk."platforms.linux-x64"]
checksum = "sha256:3fff5cf514bb89f3c286ede0a0b83db3515e370e3dc853258b151aeb4a6f5d00"
url = "https://github.com/rtk-ai/rtk/releases/download/v0.33.1/rtk-x86_64-unknown-linux-musl.tar.gz"
url_api = "https://api.github.com/repos/rtk-ai/rtk/releases/assets/381214448"

[tools.rtk."platforms.linux-x64-musl"]
checksum = "sha256:3fff5cf514bb89f3c286ede0a0b83db3515e370e3dc853258b151aeb4a6f5d00"
url = "https://github.com/rtk-ai/rtk/releases/download/v0.33.1/rtk-x86_64-unknown-linux-musl.tar.gz"
url_api = "https://api.github.com/repos/rtk-ai/rtk/releases/assets/381214448"

[tools.rtk."platforms.macos-arm64"]
checksum = "sha256:4de8826d2f8d268b16829eb2498f39d4c2fb069d447256a6ff2797a519e1c019"
url = "https://github.com/rtk-ai/rtk/releases/download/v0.33.1/rtk-aarch64-apple-darwin.tar.gz"
url_api = "https://api.github.com/repos/rtk-ai/rtk/releases/assets/381214445"

[tools.rtk."platforms.macos-x64"]
checksum = "sha256:14d0404ceec344094a5d24896b7a74966810ee6f566885c31f720b6a762a9d7d"
url = "https://github.com/rtk-ai/rtk/releases/download/v0.33.1/rtk-x86_64-apple-darwin.tar.gz"
url_api = "https://api.github.com/repos/rtk-ai/rtk/releases/assets/381214451"

[tools.rtk."platforms.windows-x64"]
checksum = "sha256:c9040751e2b0225ca7cf65cc5c8be68349a43bf3cb4c85425fc2594f6eceadb7"
url = "https://github.com/rtk-ai/rtk/releases/download/v0.33.1/rtk-x86_64-pc-windows-msvc.zip"
url_api = "https://api.github.com/repos/rtk-ai/rtk/releases/assets/381214452"
